{
  "version": 4,
  "terraform_version": "0.14.3",
  "serial": 27,
  "lineage": "1f656f1e-fa48-fe9a-e904-3cdc6c45c1cd",
  "outputs": {},
  "resources": [
    {
      "module": "module.gcp-anthos-gke",
      "mode": "managed",
      "type": "google_compute_network",
      "name": "vpc_network",
      "provider": "module.gcp-anthos-gke.provider[\"registry.terraform.io/hashicorp/google\"]",
      "instances": [
        {
          "schema_version": 0,
          "attributes": {
            "auto_create_subnetworks": false,
            "delete_default_routes_on_create": false,
            "description": "",
            "gateway_ipv4": "",
            "id": "projects/gcdeveloper/global/networks/my-private-gke-nw",
            "mtu": 0,
            "name": "my-private-gke-nw",
            "project": "gcdeveloper",
            "routing_mode": "GLOBAL",
            "self_link": "https://www.googleapis.com/compute/v1/projects/gcdeveloper/global/networks/my-private-gke-nw",
            "timeouts": null
          },
          "sensitive_attributes": [],
          "private": "eyJlMmJmYjczMC1lY2FhLTExZTYtOGY4OC0zNDM2M2JjN2M0YzAiOnsiY3JlYXRlIjoyNDAwMDAwMDAwMDAsImRlbGV0ZSI6MjQwMDAwMDAwMDAwLCJ1cGRhdGUiOjI0MDAwMDAwMDAwMH19"
        }
      ]
    },
    {
      "module": "module.gcp-anthos-gke",
      "mode": "managed",
      "type": "google_compute_subnetwork",
      "name": "primary_subnet",
      "provider": "module.gcp-anthos-gke.provider[\"registry.terraform.io/hashicorp/google\"]",
      "instances": [
        {
          "schema_version": 0,
          "attributes": {
            "creation_timestamp": "2021-01-23T08:22:59.920-08:00",
            "description": "",
            "fingerprint": null,
            "gateway_address": "10.1.0.1",
            "id": "projects/gcdeveloper/regions/us-central1/subnetworks/subnet-us-central1-10-1",
            "ip_cidr_range": "10.1.0.0/16",
            "log_config": [],
            "name": "subnet-us-central1-10-1",
            "network": "https://www.googleapis.com/compute/v1/projects/gcdeveloper/global/networks/my-private-gke-nw",
            "private_ip_google_access": false,
            "private_ipv6_google_access": "DISABLE_GOOGLE_ACCESS",
            "project": "gcdeveloper",
            "region": "us-central1",
            "secondary_ip_range": [
              {
                "ip_cidr_range": "10.2.0.0/16",
                "range_name": "pod-ips"
              },
              {
                "ip_cidr_range": "10.3.0.0/16",
                "range_name": "service-ips"
              }
            ],
            "self_link": "https://www.googleapis.com/compute/v1/projects/gcdeveloper/regions/us-central1/subnetworks/subnet-us-central1-10-1",
            "timeouts": null
          },
          "sensitive_attributes": [],
          "private": "eyJlMmJmYjczMC1lY2FhLTExZTYtOGY4OC0zNDM2M2JjN2M0YzAiOnsiY3JlYXRlIjozNjAwMDAwMDAwMDAsImRlbGV0ZSI6MzYwMDAwMDAwMDAwLCJ1cGRhdGUiOjM2MDAwMDAwMDAwMH19",
          "dependencies": [
            "module.gcp-anthos-gke.google_compute_network.vpc_network"
          ]
        }
      ]
    },
    {
      "module": "module.gcp-anthos-gke",
      "mode": "managed",
      "type": "google_container_cluster",
      "name": "private_cluster",
      "provider": "module.gcp-anthos-gke.provider[\"registry.terraform.io/hashicorp/google\"]",
      "instances": [
        {
          "index_key": 0,
          "schema_version": 1,
          "attributes": {
            "addons_config": [
              {
                "cloudrun_config": [],
                "horizontal_pod_autoscaling": [],
                "http_load_balancing": [],
                "network_policy_config": [
                  {
                    "disabled": false
                  }
                ]
              }
            ],
            "authenticator_groups_config": [],
            "cluster_autoscaling": [
              {
                "auto_provisioning_defaults": [],
                "enabled": false,
                "resource_limits": []
              }
            ],
            "cluster_ipv4_cidr": "10.2.0.0/16",
            "database_encryption": [
              {
                "key_name": "",
                "state": "DECRYPTED"
              }
            ],
            "default_max_pods_per_node": 40,
            "description": "",
            "enable_binary_authorization": false,
            "enable_intranode_visibility": null,
            "enable_kubernetes_alpha": false,
            "enable_legacy_abac": false,
            "enable_shielded_nodes": false,
            "enable_tpu": null,
            "endpoint": "104.198.170.18",
            "id": "projects/gcdeveloper/locations/us-central1-a/clusters/gke-private",
            "initial_node_count": 1,
            "instance_group_urls": [],
            "ip_allocation_policy": [
              {
                "cluster_ipv4_cidr_block": "10.2.0.0/16",
                "cluster_secondary_range_name": "pod-ips",
                "services_ipv4_cidr_block": "10.3.0.0/16",
                "services_secondary_range_name": "service-ips"
              }
            ],
            "label_fingerprint": "a9dc16a7",
            "location": "us-central1-a",
            "logging_service": "logging.googleapis.com/kubernetes",
            "maintenance_policy": [],
            "master_auth": [
              {
                "client_certificate": "",
                "client_certificate_config": [
                  {
                    "issue_client_certificate": false
                  }
                ],
                "client_key": "",
                "cluster_ca_certificate": "LS0tLS1CRUdJTiBDRVJUSUZJQ0FURS0tLS0tCk1JSURLakNDQWhLZ0F3SUJBZ0lRWTRqd1VSRnZwUkdqRWZsdVM2QTFUVEFOQmdrcWhraUc5dzBCQVFzRkFEQXYKTVMwd0t3WURWUVFERXlRME1qQTRaR0U0WVMwME56UXdMVFEwTWpJdFlUTTVaaTFrTTJNeE9HUTROak5oTVdJdwpIaGNOTWpFd01USXpNVFV5TmpFeFdoY05Nall3TVRJeU1UWXlOakV4V2pBdk1TMHdLd1lEVlFRREV5UTBNakE0ClpHRTRZUzAwTnpRd0xUUTBNakl0WVRNNVppMWtNMk14T0dRNE5qTmhNV0l3Z2dFaU1BMEdDU3FHU0liM0RRRUIKQVFVQUE0SUJEd0F3Z2dFS0FvSUJBUUM2R2tjRmFnSmxtRlg1VXNsMnI4Z21hR09hYVZyNW9mckZXM3NKWjhBRQo1OStIcDZlWTUxaXIyM3FsUGsvNExBdFRlcWxWYTJFZ21POVJhTFRQNXZHVnhFYkFaOTdqeFRialNNRkdlYVJPCkpqdDkvZ3RLb1A4UUpGaU81QlIzcDI0ZzFaeTZkVnAxNUM1bW10NTkzOHdoNkswazVGaW5TZ21jT1VrV05QWFcKL0s1WUx5WmwwOTcrcU1SV0dVZkNoQUg2N0pycUZEVlRuM3J6N010ZFYrRnJCRWcrQVBNR2htcDQwSlhqcW1TZgpYSUpHN0VqUlQxRHcwM2tOaWhOdE1ZZWlNcndzRkt3cWlYeCtHZXpQcG1zdDRhdkRKeXZYdkhpWDljZnpMc1U3CkdJd0hSYnNYS2hsTHM5cXRla2l0VFl0eFZ2UTVVRklQbVk5emNPbmJUK0l6QWdNQkFBR2pRakJBTUE0R0ExVWQKRHdFQi93UUVBd0lDQkRBUEJnTlZIUk1CQWY4RUJUQURBUUgvTUIwR0ExVWREZ1FXQkJSWjZGdEZLakxYbndtNQp1Qi9IaHpySFFabExZekFOQmdrcWhraUc5dzBCQVFzRkFBT0NBUUVBamhLVkk2N2k5K2ZsUVBDY2dMUWQ3Tm9yCkMzRFZOVWExRkVZejRvckJDMm0vQ2gvRzd2R2NEdFNVYmN5V0l2OXIzNXZNc3UxbXZkbGd6amxDZXEzOFlaQjgKaWRhRnJmSFZlK2QyR0c1ZXVDV3VNRnZ4bHltdUp5MVhZZWlPUEx5cUhWekZhekRDRjIrenVvaEtXaU1DcGtvRgowMllwa1JYNTAxZmpXQ0x4ejFuV0lEUFBVM0dWOC9yMzZpSmZBdGQ1T0tXWVJuUkl6OWwxb0hOM1BvQW9Bak5zCitwKzBZcGdvRVl0M0hlQUlkcFBaT3lwZ3FmVVBLekphbFEyU0orL3k3ZnIwN1RZUFp6WWl1aUtQRnlsZzA4WUcKZUxmOUtna3dnRHo0QzY5RVJlL3BIck9yTDRMdUMwUDdSQjRHUUZ6M3M0NFRjeVc0c3RQZVB2TktINkg5cnc9PQotLS0tLUVORCBDRVJUSUZJQ0FURS0tLS0tCg==",
                "password": "",
                "username": ""
              }
            ],
            "master_authorized_networks_config": [
              {
                "cidr_blocks": [
                  {
                    "cidr_block": "0.0.0.0/0",
                    "display_name": "global"
                  }
                ]
              }
            ],
            "master_version": "1.16.15-gke.6000",
            "min_master_version": null,
            "monitoring_service": "monitoring.googleapis.com/kubernetes",
            "name": "gke-private",
            "network": "projects/gcdeveloper/global/networks/my-private-gke-nw",
            "network_policy": [
              {
                "enabled": true,
                "provider": ""
              }
            ],
            "node_config": [],
            "node_locations": [],
            "node_pool": [],
            "node_version": "1.16.15-gke.6000",
            "operation": null,
            "pod_security_policy_config": [],
            "private_cluster_config": [
              {
                "enable_private_endpoint": false,
                "enable_private_nodes": true,
                "master_ipv4_cidr_block": "172.16.0.0/28",
                "peering_name": "gke-n8eeaace4e15ec5f5581-af5a-133a-peer",
                "private_endpoint": "172.16.0.2",
                "public_endpoint": "104.198.170.18"
              }
            ],
            "project": "gcdeveloper",
            "release_channel": [
              {
                "channel": "UNSPECIFIED"
              }
            ],
            "remove_default_node_pool": true,
            "resource_labels": null,
            "resource_usage_export_config": [],
            "self_link": "https://container.googleapis.com/v1beta1/projects/gcdeveloper/zones/us-central1-a/clusters/gke-private",
            "services_ipv4_cidr": "10.3.0.0/16",
            "subnetwork": "projects/gcdeveloper/regions/us-central1/subnetworks/subnet-us-central1-10-1",
            "timeouts": null,
            "vertical_pod_autoscaling": [],
            "workload_identity_config": [
              {
                "identity_namespace": "gcdeveloper.svc.id.goog"
              }
            ]
          },
          "sensitive_attributes": [],
          "private": "eyJlMmJmYjczMC1lY2FhLTExZTYtOGY4OC0zNDM2M2JjN2M0YzAiOnsiY3JlYXRlIjoyNDAwMDAwMDAwMDAwLCJkZWxldGUiOjI0MDAwMDAwMDAwMDAsInJlYWQiOjI0MDAwMDAwMDAwMDAsInVwZGF0ZSI6MzYwMDAwMDAwMDAwMH0sInNjaGVtYV92ZXJzaW9uIjoiMSJ9",
          "dependencies": [
            "module.gcp-anthos-gke.google_compute_network.vpc_network",
            "module.gcp-anthos-gke.google_compute_subnetwork.primary_subnet",
            "module.gcp-anthos-gke.google_service_account.gke_default"
          ]
        }
      ]
    },
    {
      "module": "module.gcp-anthos-gke",
      "mode": "managed",
      "type": "google_container_node_pool",
      "name": "node_pool_1",
      "provider": "module.gcp-anthos-gke.provider[\"registry.terraform.io/hashicorp/google\"]",
      "instances": [
        {
          "index_key": 0,
          "schema_version": 1,
          "attributes": {
            "autoscaling": [
              {
                "max_node_count": 6,
                "min_node_count": 3
              }
            ],
            "cluster": "gke-private",
            "id": "projects/gcdeveloper/locations/us-central1-a/clusters/gke-private/nodePools/node-pool-1",
            "initial_node_count": 0,
            "instance_group_urls": [
              "https://www.googleapis.com/compute/v1/projects/gcdeveloper/zones/us-central1-a/instanceGroupManagers/gke-gke-private-node-pool-1-f40da3d0-grp"
            ],
            "location": "us-central1-a",
            "management": [
              {
                "auto_repair": true,
                "auto_upgrade": true
              }
            ],
            "max_pods_per_node": 40,
            "name": "node-pool-1",
            "name_prefix": "",
            "node_config": [
              {
                "disk_size_gb": 100,
                "disk_type": "pd-standard",
                "guest_accelerator": [],
                "image_type": "COS",
                "labels": {},
                "local_ssd_count": 0,
                "machine_type": "n1-standard-2",
                "metadata": {
                  "disable-legacy-endpoints": "true"
                },
                "min_cpu_platform": "",
                "oauth_scopes": [
                  "https://www.googleapis.com/auth/cloud-platform"
                ],
                "preemptible": false,
                "service_account": "gke-serviceaccount@gcdeveloper.iam.gserviceaccount.com",
                "shielded_instance_config": [
                  {
                    "enable_integrity_monitoring": true,
                    "enable_secure_boot": false
                  }
                ],
                "tags": null,
                "taint": [],
                "workload_metadata_config": [
                  {
                    "node_metadata": "GKE_METADATA_SERVER"
                  }
                ]
              }
            ],
            "node_count": 0,
            "node_locations": [
              "us-central1-a"
            ],
            "project": "gcdeveloper",
            "timeouts": null,
            "upgrade_settings": [
              {
                "max_surge": 1,
                "max_unavailable": 0
              }
            ],
            "version": "1.16.15-gke.6000"
          },
          "sensitive_attributes": [],
          "private": "eyJlMmJmYjczMC1lY2FhLTExZTYtOGY4OC0zNDM2M2JjN2M0YzAiOnsiY3JlYXRlIjoxODAwMDAwMDAwMDAwLCJkZWxldGUiOjE4MDAwMDAwMDAwMDAsInVwZGF0ZSI6MTgwMDAwMDAwMDAwMH0sInNjaGVtYV92ZXJzaW9uIjoiMSJ9",
          "dependencies": [
            "module.gcp-anthos-gke.google_compute_network.vpc_network",
            "module.gcp-anthos-gke.google_compute_subnetwork.primary_subnet",
            "module.gcp-anthos-gke.google_container_cluster.private_cluster",
            "module.gcp-anthos-gke.google_service_account.gke_default"
          ]
        }
      ]
    },
    {
      "module": "module.gcp-anthos-gke",
      "mode": "managed",
      "type": "google_service_account",
      "name": "gke_default",
      "provider": "module.gcp-anthos-gke.provider[\"registry.terraform.io/hashicorp/google\"]",
      "instances": [
        {
          "schema_version": 0,
          "attributes": {
            "account_id": "gke-serviceaccount",
            "description": "",
            "display_name": "gke-serviceaccount",
            "email": "gke-serviceaccount@gcdeveloper.iam.gserviceaccount.com",
            "id": "projects/gcdeveloper/serviceAccounts/gke-serviceaccount@gcdeveloper.iam.gserviceaccount.com",
            "name": "projects/gcdeveloper/serviceAccounts/gke-serviceaccount@gcdeveloper.iam.gserviceaccount.com",
            "project": "gcdeveloper",
            "timeouts": null,
            "unique_id": "102611223971394331536"
          },
          "sensitive_attributes": [],
          "private": "eyJlMmJmYjczMC1lY2FhLTExZTYtOGY4OC0zNDM2M2JjN2M0YzAiOnsiY3JlYXRlIjozMDAwMDAwMDAwMDB9fQ=="
        }
      ]
    },
    {
      "module": "module.gcp-anthos-iam",
      "mode": "managed",
      "type": "google_project_iam_binding",
      "name": "connectHubAdmin",
      "provider": "module.gcp-anthos-iam.provider[\"registry.terraform.io/hashicorp/google\"]",
      "instances": [
        {
          "schema_version": 0,
          "attributes": {
            "condition": [],
            "etag": "BwW5k75NpGM=",
            "id": "gcdeveloper/roles/gkehub.admin",
            "members": [
              "serviceAccount:connect-sa@gcdeveloper.iam.gserviceaccount.com"
            ],
            "project": "gcdeveloper",
            "role": "roles/gkehub.admin"
          },
          "sensitive_attributes": [],
          "private": "bnVsbA=="
        }
      ]
    },
    {
      "module": "module.gcp-anthos-iam",
      "mode": "managed",
      "type": "google_project_iam_binding",
      "name": "connectProjectIAMAdmin",
      "provider": "module.gcp-anthos-iam.provider[\"registry.terraform.io/hashicorp/google\"]",
      "instances": [
        {
          "schema_version": 0,
          "attributes": {
            "condition": [],
            "etag": "BwW5k75NpGM=",
            "id": "gcdeveloper/roles/resourcemanager.projectIamAdmin",
            "members": [
              "serviceAccount:connect-sa@gcdeveloper.iam.gserviceaccount.com"
            ],
            "project": "gcdeveloper",
            "role": "roles/resourcemanager.projectIamAdmin"
          },
          "sensitive_attributes": [],
          "private": "bnVsbA=="
        }
      ]
    },
    {
      "module": "module.gcp-anthos-iam",
      "mode": "managed",
      "type": "google_project_iam_binding",
      "name": "connectSaAdmin",
      "provider": "module.gcp-anthos-iam.provider[\"registry.terraform.io/hashicorp/google\"]",
      "instances": [
        {
          "schema_version": 0,
          "attributes": {
            "condition": [],
            "etag": "BwW5k75NpGM=",
            "id": "gcdeveloper/roles/iam.serviceAccountAdmin",
            "members": [
              "serviceAccount:connect-sa@gcdeveloper.iam.gserviceaccount.com"
            ],
            "project": "gcdeveloper",
            "role": "roles/iam.serviceAccountAdmin"
          },
          "sensitive_attributes": [],
          "private": "bnVsbA=="
        }
      ]
    },
    {
      "module": "module.gcp-anthos-iam",
      "mode": "managed",
      "type": "google_project_iam_binding",
      "name": "connectSaKeyAdmin",
      "provider": "module.gcp-anthos-iam.provider[\"registry.terraform.io/hashicorp/google\"]",
      "instances": [
        {
          "schema_version": 0,
          "attributes": {
            "condition": [],
            "etag": "BwW5k75NpGM=",
            "id": "gcdeveloper/roles/iam.serviceAccountKeyAdmin",
            "members": [
              "serviceAccount:connect-sa@gcdeveloper.iam.gserviceaccount.com"
            ],
            "project": "gcdeveloper",
            "role": "roles/iam.serviceAccountKeyAdmin"
          },
          "sensitive_attributes": [],
          "private": "bnVsbA=="
        }
      ]
    },
    {
      "module": "module.gcp-anthos-iam",
      "mode": "managed",
      "type": "google_service_account",
      "name": "config-connect-sa",
      "provider": "module.gcp-anthos-iam.provider[\"registry.terraform.io/hashicorp/google\"]",
      "instances": [
        {
          "schema_version": 0,
          "attributes": {
            "account_id": "config-connect-sa",
            "description": "",
            "display_name": "config-connect-sa",
            "email": "config-connect-sa@gcdeveloper.iam.gserviceaccount.com",
            "id": "projects/gcdeveloper/serviceAccounts/config-connect-sa@gcdeveloper.iam.gserviceaccount.com",
            "name": "projects/gcdeveloper/serviceAccounts/config-connect-sa@gcdeveloper.iam.gserviceaccount.com",
            "project": "gcdeveloper",
            "timeouts": null,
            "unique_id": "108662222529412362270"
          },
          "sensitive_attributes": [],
          "private": "eyJlMmJmYjczMC1lY2FhLTExZTYtOGY4OC0zNDM2M2JjN2M0YzAiOnsiY3JlYXRlIjozMDAwMDAwMDAwMDB9fQ=="
        }
      ]
    },
    {
      "module": "module.gcp-anthos-iam",
      "mode": "managed",
      "type": "google_service_account",
      "name": "connect-sa",
      "provider": "module.gcp-anthos-iam.provider[\"registry.terraform.io/hashicorp/google\"]",
      "instances": [
        {
          "schema_version": 0,
          "attributes": {
            "account_id": "connect-sa",
            "description": "",
            "display_name": "connect-sa",
            "email": "connect-sa@gcdeveloper.iam.gserviceaccount.com",
            "id": "projects/gcdeveloper/serviceAccounts/connect-sa@gcdeveloper.iam.gserviceaccount.com",
            "name": "projects/gcdeveloper/serviceAccounts/connect-sa@gcdeveloper.iam.gserviceaccount.com",
            "project": "gcdeveloper",
            "timeouts": null,
            "unique_id": "106158101387750258684"
          },
          "sensitive_attributes": [],
          "private": "eyJlMmJmYjczMC1lY2FhLTExZTYtOGY4OC0zNDM2M2JjN2M0YzAiOnsiY3JlYXRlIjozMDAwMDAwMDAwMDB9fQ=="
        }
      ]
    },
    {
      "module": "module.gcp-anthos-iam",
      "mode": "managed",
      "type": "google_service_account_iam_binding",
      "name": "anthosSAWorkloadIdentityBind",
      "provider": "module.gcp-anthos-iam.provider[\"registry.terraform.io/hashicorp/google\"]",
      "instances": [
        {
          "schema_version": 0,
          "attributes": {
            "condition": [],
            "etag": "BwW5k7b5JTc=",
            "id": "projects/gcdeveloper/serviceAccounts/connect-sa@gcdeveloper.iam.gserviceaccount.com/roles/iam.workloadIdentityUser",
            "members": [
              "serviceAccount:gcdeveloper.svc.id.goog[anthosapp/connect-sa]"
            ],
            "role": "roles/iam.workloadIdentityUser",
            "service_account_id": "projects/gcdeveloper/serviceAccounts/connect-sa@gcdeveloper.iam.gserviceaccount.com"
          },
          "sensitive_attributes": [],
          "private": "bnVsbA==",
          "dependencies": [
            "module.gcp-anthos-iam.google_service_account.connect-sa"
          ]
        }
      ]
    }
  ]
}
