{
  "version": 4,
  "terraform_version": "0.14.3",
  "serial": 24,
  "lineage": "1f656f1e-fa48-fe9a-e904-3cdc6c45c1cd",
  "outputs": {},
  "resources": [
    {
      "module": "module.gcp-anthos-gke",
      "mode": "managed",
      "type": "google_compute_network",
      "name": "vpc_network",
      "provider": "module.gcp-anthos-gke.provider[\"registry.terraform.io/hashicorp/google\"]",
      "instances": [
        {
          "schema_version": 0,
          "attributes": {
            "auto_create_subnetworks": false,
            "delete_default_routes_on_create": false,
            "description": "",
            "gateway_ipv4": "",
            "id": "projects/gcdeveloper/global/networks/my-private-gke-nw",
            "mtu": 0,
            "name": "my-private-gke-nw",
            "project": "gcdeveloper",
            "routing_mode": "GLOBAL",
            "self_link": "https://www.googleapis.com/compute/v1/projects/gcdeveloper/global/networks/my-private-gke-nw",
            "timeouts": null
          },
          "sensitive_attributes": [],
          "private": "eyJlMmJmYjczMC1lY2FhLTExZTYtOGY4OC0zNDM2M2JjN2M0YzAiOnsiY3JlYXRlIjoyNDAwMDAwMDAwMDAsImRlbGV0ZSI6MjQwMDAwMDAwMDAwLCJ1cGRhdGUiOjI0MDAwMDAwMDAwMH19"
        }
      ]
    },
    {
      "module": "module.gcp-anthos-gke",
      "mode": "managed",
      "type": "google_compute_subnetwork",
      "name": "primary_subnet",
      "provider": "module.gcp-anthos-gke.provider[\"registry.terraform.io/hashicorp/google\"]",
      "instances": [
        {
          "schema_version": 0,
          "attributes": {
            "creation_timestamp": "2021-01-23T08:22:59.920-08:00",
            "description": "",
            "fingerprint": null,
            "gateway_address": "10.1.0.1",
            "id": "projects/gcdeveloper/regions/us-central1/subnetworks/subnet-us-central1-10-1",
            "ip_cidr_range": "10.1.0.0/16",
            "log_config": [],
            "name": "subnet-us-central1-10-1",
            "network": "https://www.googleapis.com/compute/v1/projects/gcdeveloper/global/networks/my-private-gke-nw",
            "private_ip_google_access": false,
            "private_ipv6_google_access": "DISABLE_GOOGLE_ACCESS",
            "project": "gcdeveloper",
            "region": "us-central1",
            "secondary_ip_range": [
              {
                "ip_cidr_range": "10.2.0.0/16",
                "range_name": "pod-ips"
              },
              {
                "ip_cidr_range": "10.3.0.0/16",
                "range_name": "service-ips"
              }
            ],
            "self_link": "https://www.googleapis.com/compute/v1/projects/gcdeveloper/regions/us-central1/subnetworks/subnet-us-central1-10-1",
            "timeouts": null
          },
          "sensitive_attributes": [],
          "private": "eyJlMmJmYjczMC1lY2FhLTExZTYtOGY4OC0zNDM2M2JjN2M0YzAiOnsiY3JlYXRlIjozNjAwMDAwMDAwMDAsImRlbGV0ZSI6MzYwMDAwMDAwMDAwLCJ1cGRhdGUiOjM2MDAwMDAwMDAwMH19",
          "dependencies": [
            "module.gcp-anthos-gke.google_compute_network.vpc_network"
          ]
        }
      ]
    },
    {
      "module": "module.gcp-anthos-gke",
      "mode": "managed",
      "type": "google_service_account",
      "name": "gke_default",
      "provider": "module.gcp-anthos-gke.provider[\"registry.terraform.io/hashicorp/google\"]",
      "instances": [
        {
          "schema_version": 0,
          "attributes": {
            "account_id": "gke-serviceaccount",
            "description": "",
            "display_name": "gke-serviceaccount",
            "email": "gke-serviceaccount@gcdeveloper.iam.gserviceaccount.com",
            "id": "projects/gcdeveloper/serviceAccounts/gke-serviceaccount@gcdeveloper.iam.gserviceaccount.com",
            "name": "projects/gcdeveloper/serviceAccounts/gke-serviceaccount@gcdeveloper.iam.gserviceaccount.com",
            "project": "gcdeveloper",
            "timeouts": null,
            "unique_id": "102611223971394331536"
          },
          "sensitive_attributes": [],
          "private": "eyJlMmJmYjczMC1lY2FhLTExZTYtOGY4OC0zNDM2M2JjN2M0YzAiOnsiY3JlYXRlIjozMDAwMDAwMDAwMDB9fQ=="
        }
      ]
    },
    {
      "module": "module.gcp-anthos-iam",
      "mode": "managed",
      "type": "google_project_iam_binding",
      "name": "connectHubAdmin",
      "provider": "module.gcp-anthos-iam.provider[\"registry.terraform.io/hashicorp/google\"]",
      "instances": [
        {
          "schema_version": 0,
          "attributes": {
            "condition": [],
            "etag": "BwW5k7jTO0k=",
            "id": "gcdeveloper/roles/gkehub.admin",
            "members": [
              "serviceAccount:connect-sa@gcdeveloper.iam.gserviceaccount.com"
            ],
            "project": "gcdeveloper",
            "role": "roles/gkehub.admin"
          },
          "sensitive_attributes": [],
          "private": "bnVsbA=="
        }
      ]
    },
    {
      "module": "module.gcp-anthos-iam",
      "mode": "managed",
      "type": "google_project_iam_binding",
      "name": "connectProjectIAMAdmin",
      "provider": "module.gcp-anthos-iam.provider[\"registry.terraform.io/hashicorp/google\"]",
      "instances": [
        {
          "schema_version": 0,
          "attributes": {
            "condition": [],
            "etag": "BwW5k75NpGM=",
            "id": "gcdeveloper/roles/resourcemanager.projectIamAdmin",
            "members": [
              "serviceAccount:connect-sa@gcdeveloper.iam.gserviceaccount.com"
            ],
            "project": "gcdeveloper",
            "role": "roles/resourcemanager.projectIamAdmin"
          },
          "sensitive_attributes": [],
          "private": "bnVsbA=="
        }
      ]
    },
    {
      "module": "module.gcp-anthos-iam",
      "mode": "managed",
      "type": "google_project_iam_binding",
      "name": "connectSaAdmin",
      "provider": "module.gcp-anthos-iam.provider[\"registry.terraform.io/hashicorp/google\"]",
      "instances": [
        {
          "schema_version": 0,
          "attributes": {
            "condition": [],
            "etag": "BwW5k7jTO0k=",
            "id": "gcdeveloper/roles/iam.serviceAccountAdmin",
            "members": [
              "serviceAccount:connect-sa@gcdeveloper.iam.gserviceaccount.com"
            ],
            "project": "gcdeveloper",
            "role": "roles/iam.serviceAccountAdmin"
          },
          "sensitive_attributes": [],
          "private": "bnVsbA=="
        }
      ]
    },
    {
      "module": "module.gcp-anthos-iam",
      "mode": "managed",
      "type": "google_project_iam_binding",
      "name": "connectSaKeyAdmin",
      "provider": "module.gcp-anthos-iam.provider[\"registry.terraform.io/hashicorp/google\"]",
      "instances": [
        {
          "schema_version": 0,
          "attributes": {
            "condition": [],
            "etag": "BwW5k7jTO0k=",
            "id": "gcdeveloper/roles/iam.serviceAccountKeyAdmin",
            "members": [
              "serviceAccount:connect-sa@gcdeveloper.iam.gserviceaccount.com"
            ],
            "project": "gcdeveloper",
            "role": "roles/iam.serviceAccountKeyAdmin"
          },
          "sensitive_attributes": [],
          "private": "bnVsbA=="
        }
      ]
    },
    {
      "module": "module.gcp-anthos-iam",
      "mode": "managed",
      "type": "google_service_account",
      "name": "config-connect-sa",
      "provider": "module.gcp-anthos-iam.provider[\"registry.terraform.io/hashicorp/google\"]",
      "instances": [
        {
          "schema_version": 0,
          "attributes": {
            "account_id": "config-connect-sa",
            "description": "",
            "display_name": "config-connect-sa",
            "email": "config-connect-sa@gcdeveloper.iam.gserviceaccount.com",
            "id": "projects/gcdeveloper/serviceAccounts/config-connect-sa@gcdeveloper.iam.gserviceaccount.com",
            "name": "projects/gcdeveloper/serviceAccounts/config-connect-sa@gcdeveloper.iam.gserviceaccount.com",
            "project": "gcdeveloper",
            "timeouts": null,
            "unique_id": "108662222529412362270"
          },
          "sensitive_attributes": [],
          "private": "eyJlMmJmYjczMC1lY2FhLTExZTYtOGY4OC0zNDM2M2JjN2M0YzAiOnsiY3JlYXRlIjozMDAwMDAwMDAwMDB9fQ=="
        }
      ]
    },
    {
      "module": "module.gcp-anthos-iam",
      "mode": "managed",
      "type": "google_service_account",
      "name": "connect-sa",
      "provider": "module.gcp-anthos-iam.provider[\"registry.terraform.io/hashicorp/google\"]",
      "instances": [
        {
          "schema_version": 0,
          "attributes": {
            "account_id": "connect-sa",
            "description": "",
            "display_name": "connect-sa",
            "email": "connect-sa@gcdeveloper.iam.gserviceaccount.com",
            "id": "projects/gcdeveloper/serviceAccounts/connect-sa@gcdeveloper.iam.gserviceaccount.com",
            "name": "projects/gcdeveloper/serviceAccounts/connect-sa@gcdeveloper.iam.gserviceaccount.com",
            "project": "gcdeveloper",
            "timeouts": null,
            "unique_id": "106158101387750258684"
          },
          "sensitive_attributes": [],
          "private": "eyJlMmJmYjczMC1lY2FhLTExZTYtOGY4OC0zNDM2M2JjN2M0YzAiOnsiY3JlYXRlIjozMDAwMDAwMDAwMDB9fQ=="
        }
      ]
    },
    {
      "module": "module.gcp-anthos-iam",
      "mode": "managed",
      "type": "google_service_account_iam_binding",
      "name": "anthosSAWorkloadIdentityBind",
      "provider": "module.gcp-anthos-iam.provider[\"registry.terraform.io/hashicorp/google\"]",
      "instances": [
        {
          "schema_version": 0,
          "attributes": {
            "condition": [],
            "etag": "BwW5k7b5JTc=",
            "id": "projects/gcdeveloper/serviceAccounts/connect-sa@gcdeveloper.iam.gserviceaccount.com/roles/iam.workloadIdentityUser",
            "members": [
              "serviceAccount:gcdeveloper.svc.id.goog[anthosapp/connect-sa]"
            ],
            "role": "roles/iam.workloadIdentityUser",
            "service_account_id": "projects/gcdeveloper/serviceAccounts/connect-sa@gcdeveloper.iam.gserviceaccount.com"
          },
          "sensitive_attributes": [],
          "private": "bnVsbA==",
          "dependencies": [
            "module.gcp-anthos-iam.google_service_account.connect-sa"
          ]
        }
      ]
    }
  ]
}
