{
  "version": 4,
  "terraform_version": "0.14.3",
  "serial": 35,
  "lineage": "db870cbf-dac9-292d-b5b9-13e5471dd552",
  "outputs": {},
  "resources": [
    {
      "mode": "managed",
      "type": "google_compute_network",
      "name": "vpc_network",
      "provider": "provider[\"registry.terraform.io/hashicorp/google\"]",
      "instances": [
        {
          "schema_version": 0,
          "attributes": {
            "auto_create_subnetworks": false,
            "delete_default_routes_on_create": false,
            "description": "",
            "gateway_ipv4": "",
            "id": "projects/gcdeveloper/global/networks/my-private-gke-nw",
            "mtu": 0,
            "name": "my-private-gke-nw",
            "project": "gcdeveloper",
            "routing_mode": "GLOBAL",
            "self_link": "https://www.googleapis.com/compute/v1/projects/gcdeveloper/global/networks/my-private-gke-nw",
            "timeouts": null
          },
          "sensitive_attributes": [],
          "private": "eyJlMmJmYjczMC1lY2FhLTExZTYtOGY4OC0zNDM2M2JjN2M0YzAiOnsiY3JlYXRlIjoyNDAwMDAwMDAwMDAsImRlbGV0ZSI6MjQwMDAwMDAwMDAwLCJ1cGRhdGUiOjI0MDAwMDAwMDAwMH19"
        }
      ]
    },
    {
      "mode": "managed",
      "type": "google_compute_subnetwork",
      "name": "primary_subnet",
      "provider": "provider[\"registry.terraform.io/hashicorp/google\"]",
      "instances": [
        {
          "schema_version": 0,
          "attributes": {
            "creation_timestamp": "2021-01-23T07:06:07.938-08:00",
            "description": "",
            "fingerprint": null,
            "gateway_address": "10.1.0.1",
            "id": "projects/gcdeveloper/regions/us-central1/subnetworks/subnet-us-central1-10-1",
            "ip_cidr_range": "10.1.0.0/16",
            "log_config": [],
            "name": "subnet-us-central1-10-1",
            "network": "https://www.googleapis.com/compute/v1/projects/gcdeveloper/global/networks/my-private-gke-nw",
            "private_ip_google_access": false,
            "private_ipv6_google_access": "DISABLE_GOOGLE_ACCESS",
            "project": "gcdeveloper",
            "region": "us-central1",
            "secondary_ip_range": [
              {
                "ip_cidr_range": "10.2.0.0/16",
                "range_name": "pod-ips"
              },
              {
                "ip_cidr_range": "10.3.0.0/16",
                "range_name": "service-ips"
              }
            ],
            "self_link": "https://www.googleapis.com/compute/v1/projects/gcdeveloper/regions/us-central1/subnetworks/subnet-us-central1-10-1",
            "timeouts": null
          },
          "sensitive_attributes": [],
          "private": "eyJlMmJmYjczMC1lY2FhLTExZTYtOGY4OC0zNDM2M2JjN2M0YzAiOnsiY3JlYXRlIjozNjAwMDAwMDAwMDAsImRlbGV0ZSI6MzYwMDAwMDAwMDAwLCJ1cGRhdGUiOjM2MDAwMDAwMDAwMH19",
          "dependencies": [
            "google_compute_network.vpc_network"
          ]
        }
      ]
    },
    {
      "mode": "managed",
      "type": "google_container_cluster",
      "name": "private_cluster",
      "provider": "provider[\"registry.terraform.io/hashicorp/google\"]",
      "instances": [
        {
          "schema_version": 1,
          "attributes": {
            "addons_config": [
              {
                "cloudrun_config": [],
                "horizontal_pod_autoscaling": [],
                "http_load_balancing": [],
                "network_policy_config": [
                  {
                    "disabled": false
                  }
                ]
              }
            ],
            "authenticator_groups_config": [],
            "cluster_autoscaling": [
              {
                "auto_provisioning_defaults": [],
                "enabled": false,
                "resource_limits": []
              }
            ],
            "cluster_ipv4_cidr": "10.2.0.0/16",
            "database_encryption": [
              {
                "key_name": "",
                "state": "DECRYPTED"
              }
            ],
            "default_max_pods_per_node": 40,
            "description": "",
            "enable_binary_authorization": false,
            "enable_intranode_visibility": null,
            "enable_kubernetes_alpha": false,
            "enable_legacy_abac": false,
            "enable_shielded_nodes": false,
            "enable_tpu": null,
            "endpoint": "35.238.186.61",
            "id": "projects/gcdeveloper/locations/us-central1-a/clusters/gke-private",
            "initial_node_count": 1,
            "instance_group_urls": [],
            "ip_allocation_policy": [
              {
                "cluster_ipv4_cidr_block": "10.2.0.0/16",
                "cluster_secondary_range_name": "pod-ips",
                "services_ipv4_cidr_block": "10.3.0.0/16",
                "services_secondary_range_name": "service-ips"
              }
            ],
            "label_fingerprint": "a9dc16a7",
            "location": "us-central1-a",
            "logging_service": "logging.googleapis.com/kubernetes",
            "maintenance_policy": [],
            "master_auth": [
              {
                "client_certificate": "",
                "client_certificate_config": [
                  {
                    "issue_client_certificate": false
                  }
                ],
                "client_key": "",
                "cluster_ca_certificate": "LS0tLS1CRUdJTiBDRVJUSUZJQ0FURS0tLS0tCk1JSURLakNDQWhLZ0F3SUJBZ0lRSGNEM1FDQWUrYVkrK1N6RVp4Y0xRekFOQmdrcWhraUc5dzBCQVFzRkFEQXYKTVMwd0t3WURWUVFERXlReFl6VmpaalV5TWkwME5UZ3lMVFJtWXpNdE9XWXdNaTA0TWpCaE0ySTBNakppTnpBdwpIaGNOTWpFd01USXpNVFF3TmpReldoY05Nall3TVRJeU1UVXdOalF6V2pBdk1TMHdLd1lEVlFRREV5UXhZelZqClpqVXlNaTAwTlRneUxUUm1Zek10T1dZd01pMDRNakJoTTJJME1qSmlOekF3Z2dFaU1BMEdDU3FHU0liM0RRRUIKQVFVQUE0SUJEd0F3Z2dFS0FvSUJBUUNrMERESmRQVklqZzMvT0xablRrNlNPbVE5ZUFJTytiVzgrRHErNTlhcgpIcnRiT2FpS3QwZStxNTYyak14Y01Kdkt0cW53WnNCT0c4Q044SE5OeFM1amhxdW40UzF4MVVTWlRNQ3c4N0FnCkJ2cW1kSTJTYVE0eVI2bkJlYU4zSlRNYlRDdDJGMU40bENXa2hqS3I4dVc2b2lqWlZ1SWh6NkpmRDZjZkxlWHQKa0drZEZnenpzL3lmdEdFV2YybFRvM3R0UG80V1U0WnA5Y2JOelpVUnR4YzJ1VGREWnlIbDdlYS90RXNjeHNLcQpodXRvUjFqdXYxZHhPSE1heFU4RStVd2J2SmF5RXlPcHRDQTVkZFE2QUl1aU9uckRqeTl0UzYrOHh0RUg3Qi9OClBZYlRhSElPU2dBNjNHcEdpVmhEUnVOMzJ4clNqcS9tWWxpM2d3ZWxQUURGQWdNQkFBR2pRakJBTUE0R0ExVWQKRHdFQi93UUVBd0lDQkRBUEJnTlZIUk1CQWY4RUJUQURBUUgvTUIwR0ExVWREZ1FXQkJTU0pGSmR2Zlg0VFlOVQpHZndlNGFSV1N0Q0krekFOQmdrcWhraUc5dzBCQVFzRkFBT0NBUUVBQnlUaERkRy8zQ0tpK1FmV2dlWGwyZ0RECkNnSnlDTUpRNEdOeHdmSnFwNmxLcnRQekhhU3F5RitYM2FqSThOQ2lFZm9EU3ZpQmxxQVppZFNyOU5XV0svcnQKU2dDUFVqL29KZWVtM3pud3Rob095eGJNbC9idlBITlJTaEh6SW1IeXpBUUVWYllYb1Vrc1ZGMklXRXU2TVRuQwptUmVxSWZUZzlEZVo1Q2hTdnhwbENpSVJyV2hSQ0pqVFArUFBKd3VzOWl0TG9TeXBsbDlSOFA3dEFDR0VSTTlQCkpZQUUrbnVLS0k3KzMwNzRnNFJxM0lLWUl5Nm1EVFJoRlNVVXQzTXdwM3NhMnAycVpNcmJVWDBkOTJyK2U0a0QKVVVqUGptWlRqemE3YldubTlTaVQ0Vm95MWpiNlVWVzBEZzVnUlh6THFFeERhTk9Xckt4WG5JUUhiNklZNmc9PQotLS0tLUVORCBDRVJUSUZJQ0FURS0tLS0tCg==",
                "password": "",
                "username": ""
              }
            ],
            "master_authorized_networks_config": [
              {
                "cidr_blocks": [
                  {
                    "cidr_block": "0.0.0.0/0",
                    "display_name": "global"
                  }
                ]
              }
            ],
            "master_version": "1.16.15-gke.6000",
            "min_master_version": null,
            "monitoring_service": "monitoring.googleapis.com/kubernetes",
            "name": "gke-private",
            "network": "projects/gcdeveloper/global/networks/my-private-gke-nw",
            "network_policy": [
              {
                "enabled": true,
                "provider": ""
              }
            ],
            "node_config": [],
            "node_locations": [],
            "node_pool": [],
            "node_version": "1.16.15-gke.6000",
            "operation": null,
            "pod_security_policy_config": [],
            "private_cluster_config": [
              {
                "enable_private_endpoint": false,
                "enable_private_nodes": true,
                "master_ipv4_cidr_block": "172.16.0.0/28",
                "peering_name": "gke-n8eeaace4e15ec5f5581-5564-78f1-peer",
                "private_endpoint": "172.16.0.2",
                "public_endpoint": "35.238.186.61"
              }
            ],
            "project": "gcdeveloper",
            "release_channel": [
              {
                "channel": "UNSPECIFIED"
              }
            ],
            "remove_default_node_pool": true,
            "resource_labels": null,
            "resource_usage_export_config": [],
            "self_link": "https://container.googleapis.com/v1beta1/projects/gcdeveloper/zones/us-central1-a/clusters/gke-private",
            "services_ipv4_cidr": "10.3.0.0/16",
            "subnetwork": "projects/gcdeveloper/regions/us-central1/subnetworks/subnet-us-central1-10-1",
            "timeouts": null,
            "vertical_pod_autoscaling": [],
            "workload_identity_config": [
              {
                "identity_namespace": "gcdeveloper.svc.id.goog"
              }
            ]
          },
          "sensitive_attributes": [],
          "private": "eyJlMmJmYjczMC1lY2FhLTExZTYtOGY4OC0zNDM2M2JjN2M0YzAiOnsiY3JlYXRlIjoyNDAwMDAwMDAwMDAwLCJkZWxldGUiOjI0MDAwMDAwMDAwMDAsInJlYWQiOjI0MDAwMDAwMDAwMDAsInVwZGF0ZSI6MzYwMDAwMDAwMDAwMH0sInNjaGVtYV92ZXJzaW9uIjoiMSJ9",
          "dependencies": [
            "google_compute_network.vpc_network",
            "google_compute_subnetwork.primary_subnet",
            "google_service_account.gke_default"
          ]
        }
      ]
    },
    {
      "mode": "managed",
      "type": "google_container_node_pool",
      "name": "node_pool_1",
      "provider": "provider[\"registry.terraform.io/hashicorp/google\"]",
      "instances": [
        {
          "schema_version": 1,
          "attributes": {
            "autoscaling": [
              {
                "max_node_count": 6,
                "min_node_count": 3
              }
            ],
            "cluster": "gke-private",
            "id": "projects/gcdeveloper/locations/us-central1-a/clusters/gke-private/nodePools/node-pool-1",
            "initial_node_count": 1,
            "instance_group_urls": [
              "https://www.googleapis.com/compute/v1/projects/gcdeveloper/zones/us-central1-a/instanceGroupManagers/gke-gke-private-node-pool-1-17012d63-grp"
            ],
            "location": "us-central1-a",
            "management": [
              {
                "auto_repair": true,
                "auto_upgrade": true
              }
            ],
            "max_pods_per_node": 40,
            "name": "node-pool-1",
            "name_prefix": "",
            "node_config": [
              {
                "disk_size_gb": 100,
                "disk_type": "pd-standard",
                "guest_accelerator": [],
                "image_type": "COS",
                "labels": {},
                "local_ssd_count": 0,
                "machine_type": "n1-standard-2",
                "metadata": {
                  "disable-legacy-endpoints": "true"
                },
                "min_cpu_platform": "",
                "oauth_scopes": [
                  "https://www.googleapis.com/auth/cloud-platform"
                ],
                "preemptible": false,
                "service_account": "gke-serviceaccount@gcdeveloper.iam.gserviceaccount.com",
                "shielded_instance_config": [
                  {
                    "enable_integrity_monitoring": true,
                    "enable_secure_boot": false
                  }
                ],
                "tags": null,
                "taint": [],
                "workload_metadata_config": [
                  {
                    "node_metadata": "GKE_METADATA_SERVER"
                  }
                ]
              }
            ],
            "node_count": 1,
            "node_locations": [
              "us-central1-a"
            ],
            "project": "gcdeveloper",
            "timeouts": null,
            "upgrade_settings": [
              {
                "max_surge": 1,
                "max_unavailable": 0
              }
            ],
            "version": "1.16.15-gke.6000"
          },
          "sensitive_attributes": [],
          "private": "eyJlMmJmYjczMC1lY2FhLTExZTYtOGY4OC0zNDM2M2JjN2M0YzAiOnsiY3JlYXRlIjoxODAwMDAwMDAwMDAwLCJkZWxldGUiOjE4MDAwMDAwMDAwMDAsInVwZGF0ZSI6MTgwMDAwMDAwMDAwMH0sInNjaGVtYV92ZXJzaW9uIjoiMSJ9",
          "dependencies": [
            "google_compute_network.vpc_network",
            "google_compute_subnetwork.primary_subnet",
            "google_container_cluster.private_cluster",
            "google_service_account.gke_default"
          ]
        }
      ]
    },
    {
      "mode": "managed",
      "type": "google_service_account",
      "name": "gke_default",
      "provider": "provider[\"registry.terraform.io/hashicorp/google\"]",
      "instances": [
        {
          "schema_version": 0,
          "attributes": {
            "account_id": "gke-serviceaccount",
            "description": "",
            "display_name": "gke-serviceaccount",
            "email": "gke-serviceaccount@gcdeveloper.iam.gserviceaccount.com",
            "id": "projects/gcdeveloper/serviceAccounts/gke-serviceaccount@gcdeveloper.iam.gserviceaccount.com",
            "name": "projects/gcdeveloper/serviceAccounts/gke-serviceaccount@gcdeveloper.iam.gserviceaccount.com",
            "project": "gcdeveloper",
            "timeouts": null,
            "unique_id": "111243858575668201818"
          },
          "sensitive_attributes": [],
          "private": "eyJlMmJmYjczMC1lY2FhLTExZTYtOGY4OC0zNDM2M2JjN2M0YzAiOnsiY3JlYXRlIjozMDAwMDAwMDAwMDB9fQ=="
        }
      ]
    }
  ]
}
